
Microsoft Visual Studio Solution File, Format Version 12.00
# Visual Studio 15
VisualStudioVersion = 15.0.28307.960
MinimumVisualStudioVersion = 10.0.40219.1
Project("{FAE04EC0-301F-11D3-BF4B-00C04F79EFBC}") = "Sms_recive_web_service", "Sms_recive_web_service\Sms_recive_web_service.csproj", "{5131653C-22DB-4DA4-994A-4E25346522D1}"
EndProject
Global
	GlobalSection(SolutionConfigurationPlatforms) = preSolution
		Debug|Any CPU = Debug|Any CPU
		Release|Any CPU = Release|Any CPU
	EndGlobalSection
	GlobalSection(ProjectConfigurationPlatforms) = postSolution
		{5131653C-22DB-4DA4-994A-4E25346522D1}.Debug|Any CPU.ActiveCfg = Debug|Any CPU
		{5131653C-22DB-4DA4-994A-4E25346522D1}.Debug|Any CPU.Build.0 = Debug|Any CPU
		{5131653C-22DB-4DA4-994A-4E25346522D1}.Release|Any CPU.ActiveCfg = Release|Any CPU
		{5131653C-22DB-4DA4-994A-4E25346522D1}.Release|Any CPU.Build.0 = Release|Any CPU
	EndGlobalSection
	GlobalSection(SolutionProperties) = preSolution
		HideSolutionNode = FALSE
	EndGlobalSection
	GlobalSection(ExtensibilityGlobals) = postSolution
		SolutionGuid = {18783D08-A493-44AB-BFDB-5DE6319CFCB8}
	EndGlobalSection
EndGlobal
